// !$*UTF8*$!
{
	archiveVersion = 1;
	classes = {
	};
	objectVersion = 50;
	objects = {

/* Begin PBXBuildFile section */
		A1870ECF20F3746D009F4920 /* LoadingScreenVC.swift in Sources */ = {isa = PBXBuildFile; fileRef = A1870ECE20F3746D009F4920 /* LoadingScreenVC.swift */; };
		A1870ED220F38D0E009F4920 /* Constants.swift in Sources */ = {isa = PBXBuildFile; fileRef = A1870ED120F38D0E009F4920 /* Constants.swift */; };
		A1870ED820F3914D009F4920 /* QuestionListVC.swift in Sources */ = {isa = PBXBuildFile; fileRef = A1870ED720F3914D009F4920 /* QuestionListVC.swift */; };
		A1870EDE20F3AEE3009F4920 /* NetworkManager.swift in Sources */ = {isa = PBXBuildFile; fileRef = A1870EDD20F3AEE3009F4920 /* NetworkManager.swift */; };
		A1870EE020F3C538009F4920 /* NoConnectionVC.swift in Sources */ = {isa = PBXBuildFile; fileRef = A1870EDF20F3C538009F4920 /* NoConnectionVC.swift */; };
		A1EFCED420F36E930017787E /* AppDelegate.swift in Sources */ = {isa = PBXBuildFile; fileRef = A1EFCED320F36E930017787E /* AppDelegate.swift */; };
		A1EFCED920F36E930017787E /* Main.storyboard in Resources */ = {isa = PBXBuildFile; fileRef = A1EFCED720F36E930017787E /* Main.storyboard */; };
		A1EFCEDB20F36E940017787E /* Assets.xcassets in Resources */ = {isa = PBXBuildFile; fileRef = A1EFCEDA20F36E940017787E /* Assets.xcassets */; };
		A1EFCEDE20F36E940017787E /* LaunchScreen.storyboard in Resources */ = {isa = PBXBuildFile; fileRef = A1EFCEDC20F36E940017787E /* LaunchScreen.storyboard */; };
		E2D6867FA5D6C5CAEF846BAD /* Pods_Question_Library.framework in Frameworks */ = {isa = PBXBuildFile; fileRef = D73E5524A39F85EC25F40F1D /* Pods_Question_Library.framework */; };
/* End PBXBuildFile section */

/* Begin PBXFileReference section */
		43B3CDF7C462791882B16E0B /* Pods-Question_Library.release.xcconfig */ = {isa = PBXFileReference; includeInIndex = 1; lastKnownFileType = text.xcconfig; name = "Pods-Question_Library.release.xcconfig"; path = "Pods/Target Support Files/Pods-Question_Library/Pods-Question_Library.release.xcconfig"; sourceTree = "<group>"; };
		709B6F9CDD51F115BF6D05A9 /* Pods-Question_Library.debug.xcconfig */ = {isa = PBXFileReference; includeInIndex = 1; lastKnownFileType = text.xcconfig; name = "Pods-Question_Library.debug.xcconfig"; path = "Pods/Target Support Files/Pods-Question_Library/Pods-Question_Library.debug.xcconfig"; sourceTree = "<group>"; };
		A1870ECE20F3746D009F4920 /* LoadingScreenVC.swift */ = {isa = PBXFileReference; lastKnownFileType = sourcecode.swift; path = LoadingScreenVC.swift; sourceTree = "<group>"; };
		A1870ED120F38D0E009F4920 /* Constants.swift */ = {isa = PBXFileReference; lastKnownFileType = sourcecode.swift; path = Constants.swift; sourceTree = "<group>"; };
		A1870ED720F3914D009F4920 /* QuestionListVC.swift */ = {isa = PBXFileReference; lastKnownFileType = sourcecode.swift; path = QuestionListVC.swift; sourceTree = "<group>"; };
		A1870EDA20F391AD009F4920 /* en */ = {isa = PBXFileReference; lastKnownFileType = text.plist.strings; name = en; path = en.lproj/Main.strings; sourceTree = "<group>"; };
		A1870EDD20F3AEE3009F4920 /* NetworkManager.swift */ = {isa = PBXFileReference; lastKnownFileType = sourcecode.swift; path = NetworkManager.swift; sourceTree = "<group>"; };
		A1870EDF20F3C538009F4920 /* NoConnectionVC.swift */ = {isa = PBXFileReference; lastKnownFileType = sourcecode.swift; path = NoConnectionVC.swift; sourceTree = "<group>"; };
		A1EFCED020F36E930017787E /* Question_Library.app */ = {isa = PBXFileReference; explicitFileType = wrapper.application; includeInIndex = 0; path = Question_Library.app; sourceTree = BUILT_PRODUCTS_DIR; };
		A1EFCED320F36E930017787E /* AppDelegate.swift */ = {isa = PBXFileReference; lastKnownFileType = sourcecode.swift; path = AppDelegate.swift; sourceTree = "<group>"; };
		A1EFCED820F36E930017787E /* Base */ = {isa = PBXFileReference; lastKnownFileType = file.storyboard; name = Base; path = Base.lproj/Main.storyboard; sourceTree = "<group>"; };
		A1EFCEDA20F36E940017787E /* Assets.xcassets */ = {isa = PBXFileReference; lastKnownFileType = folder.assetcatalog; path = Assets.xcassets; sourceTree = "<group>"; };
		A1EFCEDD20F36E940017787E /* Base */ = {isa = PBXFileReference; lastKnownFileType = file.storyboard; name = Base; path = Base.lproj/LaunchScreen.storyboard; sourceTree = "<group>"; };
		A1EFCEDF20F36E940017787E /* Info.plist */ = {isa = PBXFileReference; lastKnownFileType = text.plist.xml; path = Info.plist; sourceTree = "<group>"; };
		D73E5524A39F85EC25F40F1D /* Pods_Question_Library.framework */ = {isa = PBXFileReference; explicitFileType = wrapper.framework; includeInIndex = 0; path = Pods_Question_Library.framework; sourceTree = BUILT_PRODUCTS_DIR; };
/* End PBXFileReference section */

/* Begin PBXFrameworksBuildPhase section */
		A1EFCECD20F36E930017787E /* Frameworks */ = {
			isa = PBXFrameworksBuildPhase;
			buildActionMask = 2147483647;
			files = (
				E2D6867FA5D6C5CAEF846BAD /* Pods_Question_Library.framework in Frameworks */,
			);
			runOnlyForDeploymentPostprocessing = 0;
		};
/* End PBXFrameworksBuildPhase section */

/* Begin PBXGroup section */
		A1EFCEC720F36E930017787E = {
			isa = PBXGroup;
			children = (
				A1EFCED220F36E930017787E /* Question_Library */,
				A1EFCED120F36E930017787E /* Products */,
				BA90BF58C30719EFB8F47CB6 /* Pods */,
				F94B3C31E51D5CCC686A0900 /* Frameworks */,
			);
			sourceTree = "<group>";
		};
		A1EFCED120F36E930017787E /* Products */ = {
			isa = PBXGroup;
			children = (
				A1EFCED020F36E930017787E /* Question_Library.app */,
			);
			name = Products;
			sourceTree = "<group>";
		};
		A1EFCED220F36E930017787E /* Question_Library */ = {
			isa = PBXGroup;
			children = (
				A1EFCED320F36E930017787E /* AppDelegate.swift */,
				A1EFCED720F36E930017787E /* Main.storyboard */,
				A1EFCEDA20F36E940017787E /* Assets.xcassets */,
				A1EFCEDC20F36E940017787E /* LaunchScreen.storyboard */,
				A1EFCEDF20F36E940017787E /* Info.plist */,
				A1870ECE20F3746D009F4920 /* LoadingScreenVC.swift */,
				A1870ED720F3914D009F4920 /* QuestionListVC.swift */,
				A1870ED120F38D0E009F4920 /* Constants.swift */,
				A1870EDD20F3AEE3009F4920 /* NetworkManager.swift */,
				A1870EDF20F3C538009F4920 /* NoConnectionVC.swift */,
			);
			path = Question_Library;
			sourceTree = "<group>";
		};
		BA90BF58C30719EFB8F47CB6 /* Pods */ = {
			isa = PBXGroup;
			children = (
				709B6F9CDD51F115BF6D05A9 /* Pods-Question_Library.debug.xcconfig */,
				43B3CDF7C462791882B16E0B /* Pods-Question_Library.release.xcconfig */,
			);
			name = Pods;
			sourceTree = "<group>";
		};
		F94B3C31E51D5CCC686A0900 /* Frameworks */ = {
			isa = PBXGroup;
			children = (
				D73E5524A39F85EC25F40F1D /* Pods_Question_Library.framework */,
			);
			name = Frameworks;
			sourceTree = "<group>";
		};
/* End PBXGroup section */

/* Begin PBXNativeTarget section */
		A1EFCECF20F36E930017787E /* Question_Library */ = {
			isa = PBXNativeTarget;
			buildConfigurationList = A1EFCEE220F36E940017787E /* Build configuration list for PBXNativeTarget "Question_Library" */;
			buildPhases = (
				E60E9B13AA2F7D07FDEE7D4C /* [CP] Check Pods Manifest.lock */,
				A1EFCECC20F36E930017787E /* Sources */,
				A1EFCECD20F36E930017787E /* Frameworks */,
				A1EFCECE20F36E930017787E /* Resources */,
				B17161BEFE1FE43B1AE248D4 /* [CP] Embed Pods Frameworks */,
			);
			buildRules = (
			);
			dependencies = (
			);
			name = Question_Library;
			productName = Question_Library;
			productReference = A1EFCED020F36E930017787E /* Question_Library.app */;
			productType = "com.apple.product-type.application";
		};
/* End PBXNativeTarget section */

/* Begin PBXProject section */
		A1EFCEC820F36E930017787E /* Project object */ = {
			isa = PBXProject;
			attributes = {
				LastSwiftUpdateCheck = 0940;
				LastUpgradeCheck = 0940;
				ORGANIZATIONNAME = "Nuno Oliveira";
				TargetAttributes = {
					A1EFCECF20F36E930017787E = {
						CreatedOnToolsVersion = 9.4.1;
					};
				};
			};
			buildConfigurationList = A1EFCECB20F36E930017787E /* Build configuration list for PBXProject "Question_Library" */;
			compatibilityVersion = "Xcode 9.3";
			developmentRegion = en;
			hasScannedForEncodings = 0;
			knownRegions = (
				en,
				Base,
			);
			mainGroup = A1EFCEC720F36E930017787E;
			productRefGroup = A1EFCED120F36E930017787E /* Products */;
			projectDirPath = "";
			projectRoot = "";
			targets = (
				A1EFCECF20F36E930017787E /* Question_Library */,
			);
		};
/* End PBXProject section */

/* Begin PBXResourcesBuildPhase section */
		A1EFCECE20F36E930017787E /* Resources */ = {
			isa = PBXResourcesBuildPhase;
			buildActionMask = 2147483647;
			files = (
				A1EFCEDE20F36E940017787E /* LaunchScreen.storyboard in Resources */,
				A1EFCEDB20F36E940017787E /* Assets.xcassets in Resources */,
				A1EFCED920F36E930017787E /* Main.storyboard in Resources */,
			);
			runOnlyForDeploymentPostprocessing = 0;
		};
/* End PBXResourcesBuildPhase section */

/* Begin PBXShellScriptBuildPhase section */
		B17161BEFE1FE43B1AE248D4 /* [CP] Embed Pods Frameworks */ = {
			isa = PBXShellScriptBuildPhase;
			buildActionMask = 2147483647;
			files = (
			);
			inputPaths = (
				"${SRCROOT}/Pods/Target Support Files/Pods-Question_Library/Pods-Question_Library-frameworks.sh",
				"${BUILT_PRODUCTS_DIR}/Alamofire/Alamofire.framework",
				"${BUILT_PRODUCTS_DIR}/AlamofireNetworkActivityIndicator/AlamofireNetworkActivityIndicator.framework",
				"${BUILT_PRODUCTS_DIR}/SwiftyJSON/SwiftyJSON.framework",
			);
			name = "[CP] Embed Pods Frameworks";
			outputPaths = (
				"${TARGET_BUILD_DIR}/${FRAMEWORKS_FOLDER_PATH}/Alamofire.framework",
				"${TARGET_BUILD_DIR}/${FRAMEWORKS_FOLDER_PATH}/AlamofireNetworkActivityIndicator.framework",
				"${TARGET_BUILD_DIR}/${FRAMEWORKS_FOLDER_PATH}/SwiftyJSON.framework",
			);
			runOnlyForDeploymentPostprocessing = 0;
			shellPath = /bin/sh;
			shellScript = "\"${SRCROOT}/Pods/Target Support Files/Pods-Question_Library/Pods-Question_Library-frameworks.sh\"\n";
			showEnvVarsInLog = 0;
		};
		E60E9B13AA2F7D07FDEE7D4C /* [CP] Check Pods Manifest.lock */ = {
			isa = PBXShellScriptBuildPhase;
			buildActionMask = 2147483647;
			files = (
			);
			inputPaths = (
				"${PODS_PODFILE_DIR_PATH}/Podfile.lock",
				"${PODS_ROOT}/Manifest.lock",
			);
			name = "[CP] Check Pods Manifest.lock";
			outputPaths = (
				"$(DERIVED_FILE_DIR)/Pods-Question_Library-checkManifestLockResult.txt",
			);
			runOnlyForDeploymentPostprocessing = 0;
			shellPath = /bin/sh;
			shellScript = "diff \"${PODS_PODFILE_DIR_PATH}/Podfile.lock\" \"${PODS_ROOT}/Manifest.lock\" > /dev/null\nif [ $? != 0 ] ; then\n    # print error to STDERR\n    echo \"error: The sandbox is not in sync with the Podfile.lock. Run 'pod install' or update your CocoaPods installation.\" >&2\n    exit 1\nfi\n# This output is used by Xcode 'outputs' to avoid re-running this script phase.\necho \"SUCCESS\" > \"${SCRIPT_OUTPUT_FILE_0}\"\n";
			showEnvVarsInLog = 0;
		};
/* End PBXShellScriptBuildPhase section */

/* Begin PBXSourcesBuildPhase section */
		A1EFCECC20F36E930017787E /* Sources */ = {
			isa = PBXSourcesBuildPhase;
			buildActionMask = 2147483647;
			files = (
				A1870EDE20F3AEE3009F4920 /* NetworkManager.swift in Sources */,
				A1870ED820F3914D009F4920 /* QuestionListVC.swift in Sources */,
				A1870ECF20F3746D009F4920 /* LoadingScreenVC.swift in Sources */,
				A1870EE020F3C538009F4920 /* NoConnectionVC.swift in Sources */,
				A1EFCED420F36E930017787E /* AppDelegate.swift in Sources */,
				A1870ED220F38D0E009F4920 /* Constants.swift in Sources */,
			);
			runOnlyForDeploymentPostprocessing = 0;
		};
/* End PBXSourcesBuildPhase section */

/* Begin PBXVariantGroup section */
		A1EFCED720F36E930017787E /* Main.storyboard */ = {
			isa = PBXVariantGroup;
			children = (
				A1EFCED820F36E930017787E /* Base */,
				A1870EDA20F391AD009F4920 /* en */,
			);
			name = Main.storyboard;
			sourceTree = "<group>";
		};
		A1EFCEDC20F36E940017787E /* LaunchScreen.storyboard */ = {
			isa = PBXVariantGroup;
			children = (
				A1EFCEDD20F36E940017787E /* Base */,
			);
			name = LaunchScreen.storyboard;
			sourceTree = "<group>";
		};
/* End PBXVariantGroup section */

/* Begin XCBuildConfiguration section */
		A1EFCEE020F36E940017787E /* Debug */ = {
			isa = XCBuildConfiguration;
			buildSettings = {
				ALWAYS_SEARCH_USER_PATHS = NO;
				CLANG_ANALYZER_NONNULL = YES;
				CLANG_ANALYZER_NUMBER_OBJECT_CONVERSION = YES_AGGRESSIVE;
				CLANG_CXX_LANGUAGE_STANDARD = "gnu++14";
				CLANG_CXX_LIBRARY = "libc++";
				CLANG_ENABLE_MODULES = YES;
				CLANG_ENABLE_OBJC_ARC = YES;
				CLANG_ENABLE_OBJC_WEAK = YES;
				CLANG_WARN_BLOCK_CAPTURE_AUTORELEASING = YES;
				CLANG_WARN_BOOL_CONVERSION = YES;
				CLANG_WARN_COMMA = YES;
				CLANG_WARN_CONSTANT_CONVERSION = YES;
				CLANG_WARN_DEPRECATED_OBJC_IMPLEMENTATIONS = YES;
				CLANG_WARN_DIRECT_OBJC_ISA_USAGE = YES_ERROR;
				CLANG_WARN_DOCUMENTATION_COMMENTS = YES;
				CLANG_WARN_EMPTY_BODY = YES;
				CLANG_WARN_ENUM_CONVERSION = YES;
				CLANG_WARN_INFINITE_RECURSION = YES;
				CLANG_WARN_INT_CONVERSION = YES;
				CLANG_WARN_NON_LITERAL_NULL_CONVERSION = YES;
				CLANG_WARN_OBJC_IMPLICIT_RETAIN_SELF = YES;
				CLANG_WARN_OBJC_LITERAL_CONVERSION = YES;
				CLANG_WARN_OBJC_ROOT_CLASS = YES_ERROR;
				CLANG_WARN_RANGE_LOOP_ANALYSIS = YES;
				CLANG_WARN_STRICT_PROTOTYPES = YES;
				CLANG_WARN_SUSPICIOUS_MOVE = YES;
				CLANG_WARN_UNGUARDED_AVAILABILITY = YES_AGGRESSIVE;
				CLANG_WARN_UNREACHABLE_CODE = YES;
				CLANG_WARN__DUPLICATE_METHOD_MATCH = YES;
				CODE_SIGN_IDENTITY = "iPhone Developer";
				COPY_PHASE_STRIP = NO;
				DEBUG_INFORMATION_FORMAT = dwarf;
				ENABLE_STRICT_OBJC_MSGSEND = YES;
				ENABLE_TESTABILITY = YES;
				GCC_C_LANGUAGE_STANDARD = gnu11;
				GCC_DYNAMIC_NO_PIC = NO;
				GCC_NO_COMMON_BLOCKS = YES;
				GCC_OPTIMIZATION_LEVEL = 0;
				GCC_PREPROCESSOR_DEFINITIONS = (
					"DEBUG=1",
					"$(inherited)",
				);
				GCC_WARN_64_TO_32_BIT_CONVERSION = YES;
				GCC_WARN_ABOUT_RETURN_TYPE = YES_ERROR;
				GCC_WARN_UNDECLARED_SELECTOR = YES;
				GCC_WARN_UNINITIALIZED_AUTOS = YES_AGGRESSIVE;
				GCC_WARN_UNUSED_FUNCTION = YES;
				GCC_WARN_UNUSED_VARIABLE = YES;
				IPHONEOS_DEPLOYMENT_TARGET = 11.4;
				MTL_ENABLE_DEBUG_INFO = YES;
				ONLY_ACTIVE_ARCH = YES;
				SDKROOT = iphoneos;
				SWIFT_ACTIVE_COMPILATION_CONDITIONS = DEBUG;
				SWIFT_OPTIMIZATION_LEVEL = "-Onone";
			};
			name = Debug;
		};
		A1EFCEE120F36E940017787E /* Release */ = {
			isa = XCBuildConfiguration;
			buildSettings = {
				ALWAYS_SEARCH_USER_PATHS = NO;
				CLANG_ANALYZER_NONNULL = YES;
				CLANG_ANALYZER_NUMBER_OBJECT_CONVERSION = YES_AGGRESSIVE;
				CLANG_CXX_LANGUAGE_STANDARD = "gnu++14";
				CLANG_CXX_LIBRARY = "libc++";
				CLANG_ENABLE_MODULES = YES;
				CLANG_ENABLE_OBJC_ARC = YES;
				CLANG_ENABLE_OBJC_WEAK = YES;
				CLANG_WARN_BLOCK_CAPTURE_AUTORELEASING = YES;
				CLANG_WARN_BOOL_CONVERSION = YES;
				CLANG_WARN_COMMA = YES;
				CLANG_WARN_CONSTANT_CONVERSION = YES;
				CLANG_WARN_DEPRECATED_OBJC_IMPLEMENTATIONS = YES;
				CLANG_WARN_DIRECT_OBJC_ISA_USAGE = YES_ERROR;
				CLANG_WARN_DOCUMENTATION_COMMENTS = YES;
				CLANG_WARN_EMPTY_BODY = YES;
				CLANG_WARN_ENUM_CONVERSION = YES;
				CLANG_WARN_INFINITE_RECURSION = YES;
				CLANG_WARN_INT_CONVERSION = YES;
				CLANG_WARN_NON_LITERAL_NULL_CONVERSION = YES;
				CLANG_WARN_OBJC_IMPLICIT_RETAIN_SELF = YES;
				CLANG_WARN_OBJC_LITERAL_CONVERSION = YES;
				CLANG_WARN_OBJC_ROOT_CLASS = YES_ERROR;
				CLANG_WARN_RANGE_LOOP_ANALYSIS = YES;
				CLANG_WARN_STRICT_PROTOTYPES = YES;
				CLANG_WARN_SUSPICIOUS_MOVE = YES;
				CLANG_WARN_UNGUARDED_AVAILABILITY = YES_AGGRESSIVE;
				CLANG_WARN_UNREACHABLE_CODE = YES;
				CLANG_WARN__DUPLICATE_METHOD_MATCH = YES;
				CODE_SIGN_IDENTITY = "iPhone Developer";
				COPY_PHASE_STRIP = NO;
				DEBUG_INFORMATION_FORMAT = "dwarf-with-dsym";
				ENABLE_NS_ASSERTIONS = NO;
				ENABLE_STRICT_OBJC_MSGSEND = YES;
				GCC_C_LANGUAGE_STANDARD = gnu11;
				GCC_NO_COMMON_BLOCKS = YES;
				GCC_WARN_64_TO_32_BIT_CONVERSION = YES;
				GCC_WARN_ABOUT_RETURN_TYPE = YES_ERROR;
				GCC_WARN_UNDECLARED_SELECTOR = YES;
				GCC_WARN_UNINITIALIZED_AUTOS = YES_AGGRESSIVE;
				GCC_WARN_UNUSED_FUNCTION = YES;
				GCC_WARN_UNUSED_VARIABLE = YES;
				IPHONEOS_DEPLOYMENT_TARGET = 11.4;
				MTL_ENABLE_DEBUG_INFO = NO;
				SDKROOT = iphoneos;
				SWIFT_COMPILATION_MODE = wholemodule;
				SWIFT_OPTIMIZATION_LEVEL = "-O";
				VALIDATE_PRODUCT = YES;
			};
			name = Release;
		};
		A1EFCEE320F36E940017787E /* Debug */ = {
			isa = XCBuildConfiguration;
			baseConfigurationReference = 709B6F9CDD51F115BF6D05A9 /* Pods-Question_Library.debug.xcconfig */;
			buildSettings = {
				ASSETCATALOG_COMPILER_APPICON_NAME = AppIcon;
				CODE_SIGN_STYLE = Automatic;
				DEVELOPMENT_TEAM = 5M8TN3N755;
				INFOPLIST_FILE = Question_Library/Info.plist;
				IPHONEOS_DEPLOYMENT_TARGET = 9.0;
				LD_RUNPATH_SEARCH_PATHS = (
					"$(inherited)",
					"@executable_path/Frameworks",
				);
				PRODUCT_BUNDLE_IDENTIFIER = "com.oliv.in.da.house.Question-Library";
				PRODUCT_NAME = "$(TARGET_NAME)";
				SWIFT_VERSION = 4.0;
				TARGETED_DEVICE_FAMILY = "1,2";
			};
			name = Debug;
		};
		A1EFCEE420F36E940017787E /* Release */ = {
			isa = XCBuildConfiguration;
			baseConfigurationReference = 43B3CDF7C462791882B16E0B /* Pods-Question_Library.release.xcconfig */;
			buildSettings = {
				ASSETCATALOG_COMPILER_APPICON_NAME = AppIcon;
				CODE_SIGN_STYLE = Automatic;
				DEVELOPMENT_TEAM = 5M8TN3N755;
				INFOPLIST_FILE = Question_Library/Info.plist;
				IPHONEOS_DEPLOYMENT_TARGET = 9.0;
				LD_RUNPATH_SEARCH_PATHS = (
					"$(inherited)",
					"@executable_path/Frameworks",
				);
				PRODUCT_BUNDLE_IDENTIFIER = "com.oliv.in.da.house.Question-Library";
				PRODUCT_NAME = "$(TARGET_NAME)";
				SWIFT_VERSION = 4.0;
				TARGETED_DEVICE_FAMILY = "1,2";
			};
			name = Release;
		};
/* End XCBuildConfiguration section */

/* Begin XCConfigurationList section */
		A1EFCECB20F36E930017787E /* Build configuration list for PBXProject "Question_Library" */ = {
			isa = XCConfigurationList;
			buildConfigurations = (
				A1EFCEE020F36E940017787E /* Debug */,
				A1EFCEE120F36E940017787E /* Release */,
			);
			defaultConfigurationIsVisible = 0;
			defaultConfigurationName = Release;
		};
		A1EFCEE220F36E940017787E /* Build configuration list for PBXNativeTarget "Question_Library" */ = {
			isa = XCConfigurationList;
			buildConfigurations = (
				A1EFCEE320F36E940017787E /* Debug */,
				A1EFCEE420F36E940017787E /* Release */,
			);
			defaultConfigurationIsVisible = 0;
			defaultConfigurationName = Release;
		};
/* End XCConfigurationList section */
	};
	rootObject = A1EFCEC820F36E930017787E /* Project object */;
}
